
Microsoft Visual Studio Solution File, Format Version 12.00
# Visual Studio 15
VisualStudioVersion = 15.0.28010.2048
MinimumVisualStudioVersion = 10.0.40219.1
Project("{FAE04EC0-301F-11D3-BF4B-00C04F79EFBC}") = "HistoryTable", "HistoryTable\HistoryTable.csproj", "{1B9EC5B9-F198-4FF0-9A35-7ECDBA2383C8}"
EndProject
Project("{E53339B2-1760-4266-BCC7-CA923CBCF16C}") = "docker-compose", "docker-compose.dcproj", "{2C43E784-78C0-4E83-AACC-E837F68416F8}"
EndProject
Global
	GlobalSection(SolutionConfigurationPlatforms) = preSolution
		Debug|Any CPU = Debug|Any CPU
		Release|Any CPU = Release|Any CPU
	EndGlobalSection
	GlobalSection(ProjectConfigurationPlatforms) = postSolution
		{1B9EC5B9-F198-4FF0-9A35-7ECDBA2383C8}.Debug|Any CPU.ActiveCfg = Debug|Any CPU
		{1B9EC5B9-F198-4FF0-9A35-7ECDBA2383C8}.Debug|Any CPU.Build.0 = Debug|Any CPU
		{1B9EC5B9-F198-4FF0-9A35-7ECDBA2383C8}.Release|Any CPU.ActiveCfg = Release|Any CPU
		{1B9EC5B9-F198-4FF0-9A35-7ECDBA2383C8}.Release|Any CPU.Build.0 = Release|Any CPU
		{2C43E784-78C0-4E83-AACC-E837F68416F8}.Debug|Any CPU.ActiveCfg = Debug|Any CPU
		{2C43E784-78C0-4E83-AACC-E837F68416F8}.Debug|Any CPU.Build.0 = Debug|Any CPU
		{2C43E784-78C0-4E83-AACC-E837F68416F8}.Release|Any CPU.ActiveCfg = Release|Any CPU
		{2C43E784-78C0-4E83-AACC-E837F68416F8}.Release|Any CPU.Build.0 = Release|Any CPU
	EndGlobalSection
	GlobalSection(SolutionProperties) = preSolution
		HideSolutionNode = FALSE
	EndGlobalSection
	GlobalSection(ExtensibilityGlobals) = postSolution
		SolutionGuid = {23EFF425-49FA-43D4-AD18-5410DAD78408}
	EndGlobalSection
EndGlobal
